
Microsoft Visual Studio Solution File, Format Version 12.00
# Visual Studio Version 17
VisualStudioVersion = 17.0.31825.309
MinimumVisualStudioVersion = 10.0.40219.1
Project("{9A19103F-16F7-4668-BE54-9A1E7A4F7556}") = "NosePlug", "NosePlug\NosePlug.csproj", "{7CBB1904-DC97-4A86-8CA5-C167845D2A90}"
EndProject
Project("{9A19103F-16F7-4668-BE54-9A1E7A4F7556}") = "NosePlug.Tests", "NosePlug.Tests\NosePlug.Tests.csproj", "{88F55E91-CD2F-43FD-92FB-0E34320772DB}"
EndProject
Project("{9A19103F-16F7-4668-BE54-9A1E7A4F7556}") = "NosePlug.AutoMock", "NosePlug.AutoMock\NosePlug.AutoMock.csproj", "{17A53D19-4409-4692-9B1A-CC963A8CE5C6}"
EndProject
Project("{9A19103F-16F7-4668-BE54-9A1E7A4F7556}") = "NosePlug.Generators", "NosePlug.Generators\NosePlug.Generators.csproj", "{FDF74303-9A00-4975-B49C-C60E0C93A938}"
EndProject
Project("{2150E333-8FDC-42A3-9474-1A3956D46DE8}") = "Solution Items", "Solution Items", "{AD7C4780-C9E1-4701-87E7-C781F19C9CBD}"
	ProjectSection(SolutionItems) = preProject
		Directory.Build.props = Directory.Build.props
		Directory.Build.targets = Directory.Build.targets
		Shims\HashCode.cs = Shims\HashCode.cs
		Shims\System.Diagnostics.CodeAnalysis.cs = Shims\System.Diagnostics.CodeAnalysis.cs
	EndProjectSection
EndProject
Project("{2150E333-8FDC-42A3-9474-1A3956D46DE8}") = ".github", ".github", "{7082241A-9D8B-4A38-9419-1A18435E6EA9}"
	ProjectSection(SolutionItems) = preProject
		.github\workflows\dotnet-core.yml = .github\workflows\dotnet-core.yml
	EndProjectSection
EndProject
Project("{2150E333-8FDC-42A3-9474-1A3956D46DE8}") = "build-and-test", "build-and-test", "{A26EB5C0-6B24-458A-9492-75FF04D8930E}"
	ProjectSection(SolutionItems) = preProject
		.github\actions\build-and-test\action.yml = .github\actions\build-and-test\action.yml
	EndProjectSection
EndProject
Global
	GlobalSection(SolutionConfigurationPlatforms) = preSolution
		Debug|Any CPU = Debug|Any CPU
		Release|Any CPU = Release|Any CPU
	EndGlobalSection
	GlobalSection(ProjectConfigurationPlatforms) = postSolution
		{7CBB1904-DC97-4A86-8CA5-C167845D2A90}.Debug|Any CPU.ActiveCfg = Debug|Any CPU
		{7CBB1904-DC97-4A86-8CA5-C167845D2A90}.Debug|Any CPU.Build.0 = Debug|Any CPU
		{7CBB1904-DC97-4A86-8CA5-C167845D2A90}.Release|Any CPU.ActiveCfg = Release|Any CPU
		{7CBB1904-DC97-4A86-8CA5-C167845D2A90}.Release|Any CPU.Build.0 = Release|Any CPU
		{88F55E91-CD2F-43FD-92FB-0E34320772DB}.Debug|Any CPU.ActiveCfg = Debug|Any CPU
		{88F55E91-CD2F-43FD-92FB-0E34320772DB}.Debug|Any CPU.Build.0 = Debug|Any CPU
		{88F55E91-CD2F-43FD-92FB-0E34320772DB}.Release|Any CPU.ActiveCfg = Release|Any CPU
		{88F55E91-CD2F-43FD-92FB-0E34320772DB}.Release|Any CPU.Build.0 = Release|Any CPU
		{17A53D19-4409-4692-9B1A-CC963A8CE5C6}.Debug|Any CPU.ActiveCfg = Debug|Any CPU
		{17A53D19-4409-4692-9B1A-CC963A8CE5C6}.Debug|Any CPU.Build.0 = Debug|Any CPU
		{17A53D19-4409-4692-9B1A-CC963A8CE5C6}.Release|Any CPU.ActiveCfg = Release|Any CPU
		{17A53D19-4409-4692-9B1A-CC963A8CE5C6}.Release|Any CPU.Build.0 = Release|Any CPU
		{FDF74303-9A00-4975-B49C-C60E0C93A938}.Debug|Any CPU.ActiveCfg = Debug|Any CPU
		{FDF74303-9A00-4975-B49C-C60E0C93A938}.Debug|Any CPU.Build.0 = Debug|Any CPU
		{FDF74303-9A00-4975-B49C-C60E0C93A938}.Release|Any CPU.ActiveCfg = Release|Any CPU
		{FDF74303-9A00-4975-B49C-C60E0C93A938}.Release|Any CPU.Build.0 = Release|Any CPU
	EndGlobalSection
	GlobalSection(SolutionProperties) = preSolution
		HideSolutionNode = FALSE
	EndGlobalSection
	GlobalSection(NestedProjects) = preSolution
		{7082241A-9D8B-4A38-9419-1A18435E6EA9} = {AD7C4780-C9E1-4701-87E7-C781F19C9CBD}
		{A26EB5C0-6B24-458A-9492-75FF04D8930E} = {7082241A-9D8B-4A38-9419-1A18435E6EA9}
	EndGlobalSection
	GlobalSection(ExtensibilityGlobals) = postSolution
		SolutionGuid = {989202AF-7026-4B52-9DAD-2C3CCA881CB9}
	EndGlobalSection
EndGlobal
